
Microsoft Visual Studio Solution File, Format Version 12.00
# Visual Studio Version 17
VisualStudioVersion = 17.7.34221.43
MinimumVisualStudioVersion = 10.0.40219.1
Project("{FAE04EC0-301F-11D3-BF4B-00C04F79EFBC}") = "MyPoorConsoleChat", "MyPoorConsoleChat.csproj", "{E8D0A69A-35D3-4F03-8FD9-1872D2FA7B3A}"
EndProject
Global
	GlobalSection(SolutionConfigurationPlatforms) = preSolution
		Debug|Any CPU = Debug|Any CPU
		Release|Any CPU = Release|Any CPU
	EndGlobalSection
	GlobalSection(ProjectConfigurationPlatforms) = postSolution
		{E8D0A69A-35D3-4F03-8FD9-1872D2FA7B3A}.Debug|Any CPU.ActiveCfg = Debug|Any CPU
		{E8D0A69A-35D3-4F03-8FD9-1872D2FA7B3A}.Debug|Any CPU.Build.0 = Debug|Any CPU
		{E8D0A69A-35D3-4F03-8FD9-1872D2FA7B3A}.Release|Any CPU.ActiveCfg = Release|Any CPU
		{E8D0A69A-35D3-4F03-8FD9-1872D2FA7B3A}.Release|Any CPU.Build.0 = Release|Any CPU
	EndGlobalSection
	GlobalSection(SolutionProperties) = preSolution
		HideSolutionNode = FALSE
	EndGlobalSection
	GlobalSection(ExtensibilityGlobals) = postSolution
		SolutionGuid = {91C00441-BB6C-40C2-AFA9-25FF094AE338}
	EndGlobalSection
EndGlobal
